
Microsoft Visual Studio Solution File, Format Version 12.00
# Visual Studio Version 16
VisualStudioVersion = 16.0.30804.86
MinimumVisualStudioVersion = 10.0.40219.1
Project("{FAE04EC0-301F-11D3-BF4B-00C04F79EFBC}") = "Helloworder", "Helloworder\Helloworder.csproj", "{789E4893-66AA-4818-BB43-797A22CBF3D2}"
EndProject
Project("{FAE04EC0-301F-11D3-BF4B-00C04F79EFBC}") = "MainArgs", "MainArgs\MainArgs.csproj", "{13D862DB-7F98-497C-99D7-1FBD4B0F6785}"
EndProject
Project("{FAE04EC0-301F-11D3-BF4B-00C04F79EFBC}") = "Using", "Using\Using.csproj", "{569D9E91-146F-4F72-9BE2-FD429D2DCA6F}"
EndProject
Project("{FAE04EC0-301F-11D3-BF4B-00C04F79EFBC}") = "Types_IntsLimits", "Types_IntsLimits\Types_IntsLimits.csproj", "{3B899515-01D9-4417-87D7-76BE9EC48D83}"
EndProject
Project("{FAE04EC0-301F-11D3-BF4B-00C04F79EFBC}") = "Types_IntsAssignment", "Types_IntsAssignment\Types_IntsAssignment.csproj", "{F7495C07-1AF6-4A39-9E97-6650C9A59446}"
EndProject
Project("{FAE04EC0-301F-11D3-BF4B-00C04F79EFBC}") = "Types_IntsVar", "Types_IntsVar\Types_IntsVar.csproj", "{61AF620C-E279-4021-9D57-7C63A6D8A78F}"
EndProject
Project("{FAE04EC0-301F-11D3-BF4B-00C04F79EFBC}") = "Types_IntsVarU", "Types_IntsVarU\Types_IntsVarU.csproj", "{49A97DC3-8C3F-4977-B618-1365B681C53A}"
EndProject
Project("{FAE04EC0-301F-11D3-BF4B-00C04F79EFBC}") = "Types_IntsVarL", "Types_IntsVarL\Types_IntsVarL.csproj", "{1E4FB643-4A3F-44AE-93A1-8A2119F8B1BB}"
EndProject
Project("{FAE04EC0-301F-11D3-BF4B-00C04F79EFBC}") = "Types_Ints_", "Types_Ints_\Types_Ints_.csproj", "{903CA1ED-AB50-4320-804A-DDDC7BADE65F}"
EndProject
Project("{FAE04EC0-301F-11D3-BF4B-00C04F79EFBC}") = "Types_Checking", "Types_Checking\Types_Checking.csproj", "{D789C5D6-D8B4-487C-B536-70E93181D36B}"
EndProject
Project("{FAE04EC0-301F-11D3-BF4B-00C04F79EFBC}") = "Unity_Vector3", "Unity_Vector3\Unity_Vector3.csproj", "{06DBF9C6-BFD3-4E1F-BACA-044D350EA6EA}"
EndProject
Project("{FAE04EC0-301F-11D3-BF4B-00C04F79EFBC}") = "Unity_Vector3_Vectors", "Unity_Vector3_Vectors\Unity_Vector3_Vectors.csproj", "{183CAB20-40A3-48C5-AA9F-4894E282650F}"
EndProject
Project("{FAE04EC0-301F-11D3-BF4B-00C04F79EFBC}") = "Unity_Vector3_Operators", "Unity_Vector3_Operators\Unity_Vector3_Operators.csproj", "{ED165E63-4CCC-45BC-A21D-57491878E270}"
EndProject
Project("{FAE04EC0-301F-11D3-BF4B-00C04F79EFBC}") = "Unity_Vector3_InstanceMembers", "Unity_Vector3_InstanceMembers\Unity_Vector3_InstanceMembers.csproj", "{7C1C9CFA-5FC1-49BE-BE4A-95961A950860}"
EndProject
Project("{FAE04EC0-301F-11D3-BF4B-00C04F79EFBC}") = "Unity_Grid", "Unity_Grid\Unity_Grid.csproj", "{820E206E-0C94-480A-A602-5E463AD94E82}"
EndProject
Project("{FAE04EC0-301F-11D3-BF4B-00C04F79EFBC}") = "UnityDrawing", "UnityDrawing\UnityDrawing.csproj", "{37E96BFA-52E3-409B-AC08-A46DC4B88EEA}"
EndProject
Global
	GlobalSection(SolutionConfigurationPlatforms) = preSolution
		Debug|Any CPU = Debug|Any CPU
		Release|Any CPU = Release|Any CPU
	EndGlobalSection
	GlobalSection(ProjectConfigurationPlatforms) = postSolution
		{789E4893-66AA-4818-BB43-797A22CBF3D2}.Debug|Any CPU.ActiveCfg = Debug|Any CPU
		{789E4893-66AA-4818-BB43-797A22CBF3D2}.Debug|Any CPU.Build.0 = Debug|Any CPU
		{789E4893-66AA-4818-BB43-797A22CBF3D2}.Release|Any CPU.ActiveCfg = Release|Any CPU
		{789E4893-66AA-4818-BB43-797A22CBF3D2}.Release|Any CPU.Build.0 = Release|Any CPU
		{13D862DB-7F98-497C-99D7-1FBD4B0F6785}.Debug|Any CPU.ActiveCfg = Debug|Any CPU
		{13D862DB-7F98-497C-99D7-1FBD4B0F6785}.Debug|Any CPU.Build.0 = Debug|Any CPU
		{13D862DB-7F98-497C-99D7-1FBD4B0F6785}.Release|Any CPU.ActiveCfg = Release|Any CPU
		{13D862DB-7F98-497C-99D7-1FBD4B0F6785}.Release|Any CPU.Build.0 = Release|Any CPU
		{569D9E91-146F-4F72-9BE2-FD429D2DCA6F}.Debug|Any CPU.ActiveCfg = Debug|Any CPU
		{569D9E91-146F-4F72-9BE2-FD429D2DCA6F}.Debug|Any CPU.Build.0 = Debug|Any CPU
		{569D9E91-146F-4F72-9BE2-FD429D2DCA6F}.Release|Any CPU.ActiveCfg = Release|Any CPU
		{569D9E91-146F-4F72-9BE2-FD429D2DCA6F}.Release|Any CPU.Build.0 = Release|Any CPU
		{3B899515-01D9-4417-87D7-76BE9EC48D83}.Debug|Any CPU.ActiveCfg = Debug|Any CPU
		{3B899515-01D9-4417-87D7-76BE9EC48D83}.Debug|Any CPU.Build.0 = Debug|Any CPU
		{3B899515-01D9-4417-87D7-76BE9EC48D83}.Release|Any CPU.ActiveCfg = Release|Any CPU
		{3B899515-01D9-4417-87D7-76BE9EC48D83}.Release|Any CPU.Build.0 = Release|Any CPU
		{F7495C07-1AF6-4A39-9E97-6650C9A59446}.Debug|Any CPU.ActiveCfg = Debug|Any CPU
		{F7495C07-1AF6-4A39-9E97-6650C9A59446}.Debug|Any CPU.Build.0 = Debug|Any CPU
		{F7495C07-1AF6-4A39-9E97-6650C9A59446}.Release|Any CPU.ActiveCfg = Release|Any CPU
		{F7495C07-1AF6-4A39-9E97-6650C9A59446}.Release|Any CPU.Build.0 = Release|Any CPU
		{61AF620C-E279-4021-9D57-7C63A6D8A78F}.Debug|Any CPU.ActiveCfg = Debug|Any CPU
		{61AF620C-E279-4021-9D57-7C63A6D8A78F}.Debug|Any CPU.Build.0 = Debug|Any CPU
		{61AF620C-E279-4021-9D57-7C63A6D8A78F}.Release|Any CPU.ActiveCfg = Release|Any CPU
		{61AF620C-E279-4021-9D57-7C63A6D8A78F}.Release|Any CPU.Build.0 = Release|Any CPU
		{49A97DC3-8C3F-4977-B618-1365B681C53A}.Debug|Any CPU.ActiveCfg = Debug|Any CPU
		{49A97DC3-8C3F-4977-B618-1365B681C53A}.Debug|Any CPU.Build.0 = Debug|Any CPU
		{49A97DC3-8C3F-4977-B618-1365B681C53A}.Release|Any CPU.ActiveCfg = Release|Any CPU
		{49A97DC3-8C3F-4977-B618-1365B681C53A}.Release|Any CPU.Build.0 = Release|Any CPU
		{1E4FB643-4A3F-44AE-93A1-8A2119F8B1BB}.Debug|Any CPU.ActiveCfg = Debug|Any CPU
		{1E4FB643-4A3F-44AE-93A1-8A2119F8B1BB}.Debug|Any CPU.Build.0 = Debug|Any CPU
		{1E4FB643-4A3F-44AE-93A1-8A2119F8B1BB}.Release|Any CPU.ActiveCfg = Release|Any CPU
		{1E4FB643-4A3F-44AE-93A1-8A2119F8B1BB}.Release|Any CPU.Build.0 = Release|Any CPU
		{903CA1ED-AB50-4320-804A-DDDC7BADE65F}.Debug|Any CPU.ActiveCfg = Debug|Any CPU
		{903CA1ED-AB50-4320-804A-DDDC7BADE65F}.Debug|Any CPU.Build.0 = Debug|Any CPU
		{903CA1ED-AB50-4320-804A-DDDC7BADE65F}.Release|Any CPU.ActiveCfg = Release|Any CPU
		{903CA1ED-AB50-4320-804A-DDDC7BADE65F}.Release|Any CPU.Build.0 = Release|Any CPU
		{D789C5D6-D8B4-487C-B536-70E93181D36B}.Debug|Any CPU.ActiveCfg = Debug|Any CPU
		{D789C5D6-D8B4-487C-B536-70E93181D36B}.Debug|Any CPU.Build.0 = Debug|Any CPU
		{D789C5D6-D8B4-487C-B536-70E93181D36B}.Release|Any CPU.ActiveCfg = Release|Any CPU
		{D789C5D6-D8B4-487C-B536-70E93181D36B}.Release|Any CPU.Build.0 = Release|Any CPU
		{06DBF9C6-BFD3-4E1F-BACA-044D350EA6EA}.Debug|Any CPU.ActiveCfg = Debug|Any CPU
		{06DBF9C6-BFD3-4E1F-BACA-044D350EA6EA}.Debug|Any CPU.Build.0 = Debug|Any CPU
		{06DBF9C6-BFD3-4E1F-BACA-044D350EA6EA}.Release|Any CPU.ActiveCfg = Release|Any CPU
		{06DBF9C6-BFD3-4E1F-BACA-044D350EA6EA}.Release|Any CPU.Build.0 = Release|Any CPU
		{183CAB20-40A3-48C5-AA9F-4894E282650F}.Debug|Any CPU.ActiveCfg = Debug|Any CPU
		{183CAB20-40A3-48C5-AA9F-4894E282650F}.Debug|Any CPU.Build.0 = Debug|Any CPU
		{183CAB20-40A3-48C5-AA9F-4894E282650F}.Release|Any CPU.ActiveCfg = Release|Any CPU
		{183CAB20-40A3-48C5-AA9F-4894E282650F}.Release|Any CPU.Build.0 = Release|Any CPU
		{ED165E63-4CCC-45BC-A21D-57491878E270}.Debug|Any CPU.ActiveCfg = Debug|Any CPU
		{ED165E63-4CCC-45BC-A21D-57491878E270}.Debug|Any CPU.Build.0 = Debug|Any CPU
		{ED165E63-4CCC-45BC-A21D-57491878E270}.Release|Any CPU.ActiveCfg = Release|Any CPU
		{ED165E63-4CCC-45BC-A21D-57491878E270}.Release|Any CPU.Build.0 = Release|Any CPU
		{7C1C9CFA-5FC1-49BE-BE4A-95961A950860}.Debug|Any CPU.ActiveCfg = Debug|Any CPU
		{7C1C9CFA-5FC1-49BE-BE4A-95961A950860}.Debug|Any CPU.Build.0 = Debug|Any CPU
		{7C1C9CFA-5FC1-49BE-BE4A-95961A950860}.Release|Any CPU.ActiveCfg = Release|Any CPU
		{7C1C9CFA-5FC1-49BE-BE4A-95961A950860}.Release|Any CPU.Build.0 = Release|Any CPU
		{820E206E-0C94-480A-A602-5E463AD94E82}.Debug|Any CPU.ActiveCfg = Debug|Any CPU
		{820E206E-0C94-480A-A602-5E463AD94E82}.Debug|Any CPU.Build.0 = Debug|Any CPU
		{820E206E-0C94-480A-A602-5E463AD94E82}.Release|Any CPU.ActiveCfg = Release|Any CPU
		{820E206E-0C94-480A-A602-5E463AD94E82}.Release|Any CPU.Build.0 = Release|Any CPU
		{37E96BFA-52E3-409B-AC08-A46DC4B88EEA}.Debug|Any CPU.ActiveCfg = Debug|Any CPU
		{37E96BFA-52E3-409B-AC08-A46DC4B88EEA}.Debug|Any CPU.Build.0 = Debug|Any CPU
		{37E96BFA-52E3-409B-AC08-A46DC4B88EEA}.Release|Any CPU.ActiveCfg = Release|Any CPU
		{37E96BFA-52E3-409B-AC08-A46DC4B88EEA}.Release|Any CPU.Build.0 = Release|Any CPU
	EndGlobalSection
	GlobalSection(SolutionProperties) = preSolution
		HideSolutionNode = FALSE
	EndGlobalSection
	GlobalSection(ExtensibilityGlobals) = postSolution
		SolutionGuid = {4ABE0006-4B49-497C-AE7A-373338D33C72}
	EndGlobalSection
EndGlobal
