
Microsoft Visual Studio Solution File, Format Version 12.00
# Visual Studio Version 16
VisualStudioVersion = 16.0.30804.86
MinimumVisualStudioVersion = 10.0.40219.1
Project("{FAE04EC0-301F-11D3-BF4B-00C04F79EFBC}") = "Helloworder", "Helloworder\Helloworder.csproj", "{789E4893-66AA-4818-BB43-797A22CBF3D2}"
EndProject
Project("{FAE04EC0-301F-11D3-BF4B-00C04F79EFBC}") = "MainArgs", "MainArgs\MainArgs.csproj", "{13D862DB-7F98-497C-99D7-1FBD4B0F6785}"
EndProject
Project("{FAE04EC0-301F-11D3-BF4B-00C04F79EFBC}") = "Using", "Using\Using.csproj", "{569D9E91-146F-4F72-9BE2-FD429D2DCA6F}"
EndProject
Project("{FAE04EC0-301F-11D3-BF4B-00C04F79EFBC}") = "Types_IntsLimits", "Types_IntsLimits\Types_IntsLimits.csproj", "{3B899515-01D9-4417-87D7-76BE9EC48D83}"
EndProject
Project("{FAE04EC0-301F-11D3-BF4B-00C04F79EFBC}") = "Types_IntsAssignment", "Types_IntsAssignment\Types_IntsAssignment.csproj", "{F7495C07-1AF6-4A39-9E97-6650C9A59446}"
EndProject
Project("{FAE04EC0-301F-11D3-BF4B-00C04F79EFBC}") = "Types_IntsVar", "Types_IntsVar\Types_IntsVar.csproj", "{61AF620C-E279-4021-9D57-7C63A6D8A78F}"
EndProject
Project("{FAE04EC0-301F-11D3-BF4B-00C04F79EFBC}") = "Types_IntsVarU", "Types_IntsVarU\Types_IntsVarU.csproj", "{49A97DC3-8C3F-4977-B618-1365B681C53A}"
EndProject
Project("{FAE04EC0-301F-11D3-BF4B-00C04F79EFBC}") = "Types_IntsVarL", "Types_IntsVarL\Types_IntsVarL.csproj", "{1E4FB643-4A3F-44AE-93A1-8A2119F8B1BB}"
EndProject
Project("{FAE04EC0-301F-11D3-BF4B-00C04F79EFBC}") = "Types_Ints_", "Types_Ints_\Types_Ints_.csproj", "{903CA1ED-AB50-4320-804A-DDDC7BADE65F}"
EndProject
Project("{FAE04EC0-301F-11D3-BF4B-00C04F79EFBC}") = "Types_Checking", "Types_Checking\Types_Checking.csproj", "{D789C5D6-D8B4-487C-B536-70E93181D36B}"
EndProject
Project("{FAE04EC0-301F-11D3-BF4B-00C04F79EFBC}") = "Unity_Vector3", "Unity_Vector3\Unity_Vector3.csproj", "{06DBF9C6-BFD3-4E1F-BACA-044D350EA6EA}"
EndProject
Project("{FAE04EC0-301F-11D3-BF4B-00C04F79EFBC}") = "Unity_Vector3_Vectors", "Unity_Vector3_Vectors\Unity_Vector3_Vectors.csproj", "{183CAB20-40A3-48C5-AA9F-4894E282650F}"
EndProject
Project("{FAE04EC0-301F-11D3-BF4B-00C04F79EFBC}") = "Unity_Vector3_Operators", "Unity_Vector3_Operators\Unity_Vector3_Operators.csproj", "{ED165E63-4CCC-45BC-A21D-57491878E270}"
EndProject
Project("{FAE04EC0-301F-11D3-BF4B-00C04F79EFBC}") = "Unity_Vector3_InstanceMembers", "Unity_Vector3_InstanceMembers\Unity_Vector3_InstanceMembers.csproj", "{7C1C9CFA-5FC1-49BE-BE4A-95961A950860}"
EndProject
Project("{FAE04EC0-301F-11D3-BF4B-00C04F79EFBC}") = "Unity_Grid", "Unity_Grid\Unity_Grid.csproj", "{820E206E-0C94-480A-A602-5E463AD94E82}"
EndProject
Project("{FAE04EC0-301F-11D3-BF4B-00C04F79EFBC}") = "UnityDrawing", "UnityDrawing\UnityDrawing.csproj", "{37E96BFA-52E3-409B-AC08-A46DC4B88EEA}"
EndProject
Project("{FAE04EC0-301F-11D3-BF4B-00C04F79EFBC}") = "Unity_Vector2_ViewOnGrid", "Unity_Vector2_ViewOnGrid\Unity_Vector2_ViewOnGrid.csproj", "{AD3E3155-EC6A-4E6A-9EE7-DC7CB386695F}"
EndProject
Project("{FAE04EC0-301F-11D3-BF4B-00C04F79EFBC}") = "Types_RealsImplicitConversion", "Types_RealsImplicitConversion\Types_RealsImplicitConversion.csproj", "{29BF7F35-14F9-4DB8-B5F9-D4BB63252764}"
EndProject
Project("{FAE04EC0-301F-11D3-BF4B-00C04F79EFBC}") = "Types_RealsVar", "Types_RealsVar\Types_RealsVar.csproj", "{41FF02E7-9574-4A00-BF68-56E690FFBA19}"
EndProject
Project("{FAE04EC0-301F-11D3-BF4B-00C04F79EFBC}") = "Types_RealsFields", "Types_RealsFields\Types_RealsFields.csproj", "{4079FC7D-2AB4-4420-B8C9-927A940F98B5}"
EndProject
Project("{FAE04EC0-301F-11D3-BF4B-00C04F79EFBC}") = "Types_RealsEpsilon", "Types_RealsEpsilon\Types_RealsEpsilon.csproj", "{BAAEBC92-6BE4-46F6-B85D-3278AE36F1FC}"
EndProject
Project("{FAE04EC0-301F-11D3-BF4B-00C04F79EFBC}") = "Types_RealsNaN", "Types_RealsNaN\Types_RealsNaN.csproj", "{1466F7E4-B8B4-4456-9D07-96C2C19D947D}"
EndProject
Project("{FAE04EC0-301F-11D3-BF4B-00C04F79EFBC}") = "Types_RealsMethodsIs", "Types_RealsMethodsIs\Types_RealsMethodsIs.csproj", "{EB923C03-133E-469D-AFC3-37EF24B56998}"
EndProject
Project("{FAE04EC0-301F-11D3-BF4B-00C04F79EFBC}") = "Reflection_XProperty", "Reflection_XProperty\Reflection_XProperty.csproj", "{0DABD2EA-B289-4590-B918-64A9A87755E2}"
EndProject
Project("{FAE04EC0-301F-11D3-BF4B-00C04F79EFBC}") = "Reflection_MyTypeBuilder", "Reflection_MyTypeBuilder\Reflection_MyTypeBuilder.csproj", "{B0A3F15A-3883-451A-BF75-ABC083B5DD1F}"
EndProject
Project("{FAE04EC0-301F-11D3-BF4B-00C04F79EFBC}") = "Reflection_BuildTypeAndItsInstance", "Reflection_BuildTypeAndItsInstance\Reflection_BuildTypeAndItsInstance.csproj", "{E58D56F4-ED38-4155-954A-A6EF4F591FC1}"
EndProject
Project("{FAE04EC0-301F-11D3-BF4B-00C04F79EFBC}") = "Reflection_XT2AttributeOfT1Instance", "Reflection_XT2AttributeOfT1Instance\Reflection_XT2AttributeOfT1Instance.csproj", "{7195490C-12C1-4953-BDF1-EB69CF237A97}"
EndProject
Project("{FAE04EC0-301F-11D3-BF4B-00C04F79EFBC}") = "Reflection_XT2AttributeOfT1InstanceExe", "Reflection_XT2AttributeOfT1InstanceExe\Reflection_XT2AttributeOfT1InstanceExe.csproj", "{B1163282-7A27-4A77-9FBF-21FEE9747B7C}"
EndProject
Project("{FAE04EC0-301F-11D3-BF4B-00C04F79EFBC}") = "Kafka_Produce", "Kafka_Produce\Kafka_Produce.csproj", "{23DC1CA3-87A4-41F0-8D3F-AF734C6149F9}"
EndProject
Project("{FAE04EC0-301F-11D3-BF4B-00C04F79EFBC}") = "Kafka_ProduceWithHandler", "Kafka_ProduceWithHandler\Kafka_ProduceWithHandler.csproj", "{82B97361-143E-44DB-AFEA-E359949714BB}"
EndProject
Project("{FAE04EC0-301F-11D3-BF4B-00C04F79EFBC}") = "Kafka_ProduceWithLogging", "Kafka_ProduceWithLogging\Kafka_ProduceWithLogging.csproj", "{10EF6E0B-A4E7-4535-9EE5-3E2032B8AA3F}"
EndProject
Project("{FAE04EC0-301F-11D3-BF4B-00C04F79EFBC}") = "Kafka_MyProducer_ErrorHandling", "Kafka_MyProducer_ErrorHandling\Kafka_MyProducer_ErrorHandling.csproj", "{7BC14FC0-E6B4-4B0D-BDC9-9F7265C31E30}"
EndProject
Project("{FAE04EC0-301F-11D3-BF4B-00C04F79EFBC}") = "Kafka_ConsumerAllPartitions", "Kafka_ConsumerAllPartitions\Kafka_ConsumerAllPartitions.csproj", "{8148F229-CEE1-4952-B5EF-5A0609466B82}"
EndProject
Project("{FAE04EC0-301F-11D3-BF4B-00C04F79EFBC}") = "Kafka_ProduceToPartition", "Kafka_ProduceToPartition\Kafka_ProduceToPartition.csproj", "{6E0D8C1E-7D17-448B-BB7B-E73275C52C16}"
EndProject
Project("{FAE04EC0-301F-11D3-BF4B-00C04F79EFBC}") = "Kafka_Consumer_Serializer", "Kafka_Consumer_Serializer\Kafka_Consumer_Serializer.csproj", "{A45EBB51-65F6-49E9-9178-0D9ED2073432}"
EndProject
Global
	GlobalSection(SolutionConfigurationPlatforms) = preSolution
		Debug|Any CPU = Debug|Any CPU
		Release|Any CPU = Release|Any CPU
	EndGlobalSection
	GlobalSection(ProjectConfigurationPlatforms) = postSolution
		{789E4893-66AA-4818-BB43-797A22CBF3D2}.Debug|Any CPU.ActiveCfg = Debug|Any CPU
		{789E4893-66AA-4818-BB43-797A22CBF3D2}.Debug|Any CPU.Build.0 = Debug|Any CPU
		{789E4893-66AA-4818-BB43-797A22CBF3D2}.Release|Any CPU.ActiveCfg = Release|Any CPU
		{789E4893-66AA-4818-BB43-797A22CBF3D2}.Release|Any CPU.Build.0 = Release|Any CPU
		{13D862DB-7F98-497C-99D7-1FBD4B0F6785}.Debug|Any CPU.ActiveCfg = Debug|Any CPU
		{13D862DB-7F98-497C-99D7-1FBD4B0F6785}.Debug|Any CPU.Build.0 = Debug|Any CPU
		{13D862DB-7F98-497C-99D7-1FBD4B0F6785}.Release|Any CPU.ActiveCfg = Release|Any CPU
		{13D862DB-7F98-497C-99D7-1FBD4B0F6785}.Release|Any CPU.Build.0 = Release|Any CPU
		{569D9E91-146F-4F72-9BE2-FD429D2DCA6F}.Debug|Any CPU.ActiveCfg = Debug|Any CPU
		{569D9E91-146F-4F72-9BE2-FD429D2DCA6F}.Debug|Any CPU.Build.0 = Debug|Any CPU
		{569D9E91-146F-4F72-9BE2-FD429D2DCA6F}.Release|Any CPU.ActiveCfg = Release|Any CPU
		{569D9E91-146F-4F72-9BE2-FD429D2DCA6F}.Release|Any CPU.Build.0 = Release|Any CPU
		{3B899515-01D9-4417-87D7-76BE9EC48D83}.Debug|Any CPU.ActiveCfg = Debug|Any CPU
		{3B899515-01D9-4417-87D7-76BE9EC48D83}.Debug|Any CPU.Build.0 = Debug|Any CPU
		{3B899515-01D9-4417-87D7-76BE9EC48D83}.Release|Any CPU.ActiveCfg = Release|Any CPU
		{3B899515-01D9-4417-87D7-76BE9EC48D83}.Release|Any CPU.Build.0 = Release|Any CPU
		{F7495C07-1AF6-4A39-9E97-6650C9A59446}.Debug|Any CPU.ActiveCfg = Debug|Any CPU
		{F7495C07-1AF6-4A39-9E97-6650C9A59446}.Debug|Any CPU.Build.0 = Debug|Any CPU
		{F7495C07-1AF6-4A39-9E97-6650C9A59446}.Release|Any CPU.ActiveCfg = Release|Any CPU
		{F7495C07-1AF6-4A39-9E97-6650C9A59446}.Release|Any CPU.Build.0 = Release|Any CPU
		{61AF620C-E279-4021-9D57-7C63A6D8A78F}.Debug|Any CPU.ActiveCfg = Debug|Any CPU
		{61AF620C-E279-4021-9D57-7C63A6D8A78F}.Debug|Any CPU.Build.0 = Debug|Any CPU
		{61AF620C-E279-4021-9D57-7C63A6D8A78F}.Release|Any CPU.ActiveCfg = Release|Any CPU
		{61AF620C-E279-4021-9D57-7C63A6D8A78F}.Release|Any CPU.Build.0 = Release|Any CPU
		{49A97DC3-8C3F-4977-B618-1365B681C53A}.Debug|Any CPU.ActiveCfg = Debug|Any CPU
		{49A97DC3-8C3F-4977-B618-1365B681C53A}.Debug|Any CPU.Build.0 = Debug|Any CPU
		{49A97DC3-8C3F-4977-B618-1365B681C53A}.Release|Any CPU.ActiveCfg = Release|Any CPU
		{49A97DC3-8C3F-4977-B618-1365B681C53A}.Release|Any CPU.Build.0 = Release|Any CPU
		{1E4FB643-4A3F-44AE-93A1-8A2119F8B1BB}.Debug|Any CPU.ActiveCfg = Debug|Any CPU
		{1E4FB643-4A3F-44AE-93A1-8A2119F8B1BB}.Debug|Any CPU.Build.0 = Debug|Any CPU
		{1E4FB643-4A3F-44AE-93A1-8A2119F8B1BB}.Release|Any CPU.ActiveCfg = Release|Any CPU
		{1E4FB643-4A3F-44AE-93A1-8A2119F8B1BB}.Release|Any CPU.Build.0 = Release|Any CPU
		{903CA1ED-AB50-4320-804A-DDDC7BADE65F}.Debug|Any CPU.ActiveCfg = Debug|Any CPU
		{903CA1ED-AB50-4320-804A-DDDC7BADE65F}.Debug|Any CPU.Build.0 = Debug|Any CPU
		{903CA1ED-AB50-4320-804A-DDDC7BADE65F}.Release|Any CPU.ActiveCfg = Release|Any CPU
		{903CA1ED-AB50-4320-804A-DDDC7BADE65F}.Release|Any CPU.Build.0 = Release|Any CPU
		{D789C5D6-D8B4-487C-B536-70E93181D36B}.Debug|Any CPU.ActiveCfg = Debug|Any CPU
		{D789C5D6-D8B4-487C-B536-70E93181D36B}.Debug|Any CPU.Build.0 = Debug|Any CPU
		{D789C5D6-D8B4-487C-B536-70E93181D36B}.Release|Any CPU.ActiveCfg = Release|Any CPU
		{D789C5D6-D8B4-487C-B536-70E93181D36B}.Release|Any CPU.Build.0 = Release|Any CPU
		{06DBF9C6-BFD3-4E1F-BACA-044D350EA6EA}.Debug|Any CPU.ActiveCfg = Debug|Any CPU
		{06DBF9C6-BFD3-4E1F-BACA-044D350EA6EA}.Debug|Any CPU.Build.0 = Debug|Any CPU
		{06DBF9C6-BFD3-4E1F-BACA-044D350EA6EA}.Release|Any CPU.ActiveCfg = Release|Any CPU
		{06DBF9C6-BFD3-4E1F-BACA-044D350EA6EA}.Release|Any CPU.Build.0 = Release|Any CPU
		{183CAB20-40A3-48C5-AA9F-4894E282650F}.Debug|Any CPU.ActiveCfg = Debug|Any CPU
		{183CAB20-40A3-48C5-AA9F-4894E282650F}.Debug|Any CPU.Build.0 = Debug|Any CPU
		{183CAB20-40A3-48C5-AA9F-4894E282650F}.Release|Any CPU.ActiveCfg = Release|Any CPU
		{183CAB20-40A3-48C5-AA9F-4894E282650F}.Release|Any CPU.Build.0 = Release|Any CPU
		{ED165E63-4CCC-45BC-A21D-57491878E270}.Debug|Any CPU.ActiveCfg = Debug|Any CPU
		{ED165E63-4CCC-45BC-A21D-57491878E270}.Debug|Any CPU.Build.0 = Debug|Any CPU
		{ED165E63-4CCC-45BC-A21D-57491878E270}.Release|Any CPU.ActiveCfg = Release|Any CPU
		{ED165E63-4CCC-45BC-A21D-57491878E270}.Release|Any CPU.Build.0 = Release|Any CPU
		{7C1C9CFA-5FC1-49BE-BE4A-95961A950860}.Debug|Any CPU.ActiveCfg = Debug|Any CPU
		{7C1C9CFA-5FC1-49BE-BE4A-95961A950860}.Debug|Any CPU.Build.0 = Debug|Any CPU
		{7C1C9CFA-5FC1-49BE-BE4A-95961A950860}.Release|Any CPU.ActiveCfg = Release|Any CPU
		{7C1C9CFA-5FC1-49BE-BE4A-95961A950860}.Release|Any CPU.Build.0 = Release|Any CPU
		{820E206E-0C94-480A-A602-5E463AD94E82}.Debug|Any CPU.ActiveCfg = Debug|Any CPU
		{820E206E-0C94-480A-A602-5E463AD94E82}.Debug|Any CPU.Build.0 = Debug|Any CPU
		{820E206E-0C94-480A-A602-5E463AD94E82}.Release|Any CPU.ActiveCfg = Release|Any CPU
		{820E206E-0C94-480A-A602-5E463AD94E82}.Release|Any CPU.Build.0 = Release|Any CPU
		{37E96BFA-52E3-409B-AC08-A46DC4B88EEA}.Debug|Any CPU.ActiveCfg = Debug|Any CPU
		{37E96BFA-52E3-409B-AC08-A46DC4B88EEA}.Debug|Any CPU.Build.0 = Debug|Any CPU
		{37E96BFA-52E3-409B-AC08-A46DC4B88EEA}.Release|Any CPU.ActiveCfg = Release|Any CPU
		{37E96BFA-52E3-409B-AC08-A46DC4B88EEA}.Release|Any CPU.Build.0 = Release|Any CPU
		{AD3E3155-EC6A-4E6A-9EE7-DC7CB386695F}.Debug|Any CPU.ActiveCfg = Debug|Any CPU
		{AD3E3155-EC6A-4E6A-9EE7-DC7CB386695F}.Debug|Any CPU.Build.0 = Debug|Any CPU
		{AD3E3155-EC6A-4E6A-9EE7-DC7CB386695F}.Release|Any CPU.ActiveCfg = Release|Any CPU
		{AD3E3155-EC6A-4E6A-9EE7-DC7CB386695F}.Release|Any CPU.Build.0 = Release|Any CPU
		{29BF7F35-14F9-4DB8-B5F9-D4BB63252764}.Debug|Any CPU.ActiveCfg = Debug|Any CPU
		{29BF7F35-14F9-4DB8-B5F9-D4BB63252764}.Debug|Any CPU.Build.0 = Debug|Any CPU
		{29BF7F35-14F9-4DB8-B5F9-D4BB63252764}.Release|Any CPU.ActiveCfg = Release|Any CPU
		{29BF7F35-14F9-4DB8-B5F9-D4BB63252764}.Release|Any CPU.Build.0 = Release|Any CPU
		{41FF02E7-9574-4A00-BF68-56E690FFBA19}.Debug|Any CPU.ActiveCfg = Debug|Any CPU
		{41FF02E7-9574-4A00-BF68-56E690FFBA19}.Debug|Any CPU.Build.0 = Debug|Any CPU
		{41FF02E7-9574-4A00-BF68-56E690FFBA19}.Release|Any CPU.ActiveCfg = Release|Any CPU
		{41FF02E7-9574-4A00-BF68-56E690FFBA19}.Release|Any CPU.Build.0 = Release|Any CPU
		{4079FC7D-2AB4-4420-B8C9-927A940F98B5}.Debug|Any CPU.ActiveCfg = Debug|Any CPU
		{4079FC7D-2AB4-4420-B8C9-927A940F98B5}.Debug|Any CPU.Build.0 = Debug|Any CPU
		{4079FC7D-2AB4-4420-B8C9-927A940F98B5}.Release|Any CPU.ActiveCfg = Release|Any CPU
		{4079FC7D-2AB4-4420-B8C9-927A940F98B5}.Release|Any CPU.Build.0 = Release|Any CPU
		{BAAEBC92-6BE4-46F6-B85D-3278AE36F1FC}.Debug|Any CPU.ActiveCfg = Debug|Any CPU
		{BAAEBC92-6BE4-46F6-B85D-3278AE36F1FC}.Debug|Any CPU.Build.0 = Debug|Any CPU
		{BAAEBC92-6BE4-46F6-B85D-3278AE36F1FC}.Release|Any CPU.ActiveCfg = Release|Any CPU
		{BAAEBC92-6BE4-46F6-B85D-3278AE36F1FC}.Release|Any CPU.Build.0 = Release|Any CPU
		{1466F7E4-B8B4-4456-9D07-96C2C19D947D}.Debug|Any CPU.ActiveCfg = Debug|Any CPU
		{1466F7E4-B8B4-4456-9D07-96C2C19D947D}.Debug|Any CPU.Build.0 = Debug|Any CPU
		{1466F7E4-B8B4-4456-9D07-96C2C19D947D}.Release|Any CPU.ActiveCfg = Release|Any CPU
		{1466F7E4-B8B4-4456-9D07-96C2C19D947D}.Release|Any CPU.Build.0 = Release|Any CPU
		{EB923C03-133E-469D-AFC3-37EF24B56998}.Debug|Any CPU.ActiveCfg = Debug|Any CPU
		{EB923C03-133E-469D-AFC3-37EF24B56998}.Debug|Any CPU.Build.0 = Debug|Any CPU
		{EB923C03-133E-469D-AFC3-37EF24B56998}.Release|Any CPU.ActiveCfg = Release|Any CPU
		{EB923C03-133E-469D-AFC3-37EF24B56998}.Release|Any CPU.Build.0 = Release|Any CPU
		{0DABD2EA-B289-4590-B918-64A9A87755E2}.Debug|Any CPU.ActiveCfg = Debug|Any CPU
		{0DABD2EA-B289-4590-B918-64A9A87755E2}.Debug|Any CPU.Build.0 = Debug|Any CPU
		{0DABD2EA-B289-4590-B918-64A9A87755E2}.Release|Any CPU.ActiveCfg = Release|Any CPU
		{0DABD2EA-B289-4590-B918-64A9A87755E2}.Release|Any CPU.Build.0 = Release|Any CPU
		{B0A3F15A-3883-451A-BF75-ABC083B5DD1F}.Debug|Any CPU.ActiveCfg = Debug|Any CPU
		{B0A3F15A-3883-451A-BF75-ABC083B5DD1F}.Debug|Any CPU.Build.0 = Debug|Any CPU
		{B0A3F15A-3883-451A-BF75-ABC083B5DD1F}.Release|Any CPU.ActiveCfg = Release|Any CPU
		{B0A3F15A-3883-451A-BF75-ABC083B5DD1F}.Release|Any CPU.Build.0 = Release|Any CPU
		{E58D56F4-ED38-4155-954A-A6EF4F591FC1}.Debug|Any CPU.ActiveCfg = Debug|Any CPU
		{E58D56F4-ED38-4155-954A-A6EF4F591FC1}.Debug|Any CPU.Build.0 = Debug|Any CPU
		{E58D56F4-ED38-4155-954A-A6EF4F591FC1}.Release|Any CPU.ActiveCfg = Release|Any CPU
		{E58D56F4-ED38-4155-954A-A6EF4F591FC1}.Release|Any CPU.Build.0 = Release|Any CPU
		{7195490C-12C1-4953-BDF1-EB69CF237A97}.Debug|Any CPU.ActiveCfg = Debug|Any CPU
		{7195490C-12C1-4953-BDF1-EB69CF237A97}.Debug|Any CPU.Build.0 = Debug|Any CPU
		{7195490C-12C1-4953-BDF1-EB69CF237A97}.Release|Any CPU.ActiveCfg = Release|Any CPU
		{7195490C-12C1-4953-BDF1-EB69CF237A97}.Release|Any CPU.Build.0 = Release|Any CPU
		{B1163282-7A27-4A77-9FBF-21FEE9747B7C}.Debug|Any CPU.ActiveCfg = Debug|Any CPU
		{B1163282-7A27-4A77-9FBF-21FEE9747B7C}.Debug|Any CPU.Build.0 = Debug|Any CPU
		{B1163282-7A27-4A77-9FBF-21FEE9747B7C}.Release|Any CPU.ActiveCfg = Release|Any CPU
		{B1163282-7A27-4A77-9FBF-21FEE9747B7C}.Release|Any CPU.Build.0 = Release|Any CPU
		{23DC1CA3-87A4-41F0-8D3F-AF734C6149F9}.Debug|Any CPU.ActiveCfg = Debug|Any CPU
		{23DC1CA3-87A4-41F0-8D3F-AF734C6149F9}.Debug|Any CPU.Build.0 = Debug|Any CPU
		{23DC1CA3-87A4-41F0-8D3F-AF734C6149F9}.Release|Any CPU.ActiveCfg = Release|Any CPU
		{23DC1CA3-87A4-41F0-8D3F-AF734C6149F9}.Release|Any CPU.Build.0 = Release|Any CPU
		{82B97361-143E-44DB-AFEA-E359949714BB}.Debug|Any CPU.ActiveCfg = Debug|Any CPU
		{82B97361-143E-44DB-AFEA-E359949714BB}.Debug|Any CPU.Build.0 = Debug|Any CPU
		{82B97361-143E-44DB-AFEA-E359949714BB}.Release|Any CPU.ActiveCfg = Release|Any CPU
		{82B97361-143E-44DB-AFEA-E359949714BB}.Release|Any CPU.Build.0 = Release|Any CPU
		{10EF6E0B-A4E7-4535-9EE5-3E2032B8AA3F}.Debug|Any CPU.ActiveCfg = Debug|Any CPU
		{10EF6E0B-A4E7-4535-9EE5-3E2032B8AA3F}.Debug|Any CPU.Build.0 = Debug|Any CPU
		{10EF6E0B-A4E7-4535-9EE5-3E2032B8AA3F}.Release|Any CPU.ActiveCfg = Release|Any CPU
		{10EF6E0B-A4E7-4535-9EE5-3E2032B8AA3F}.Release|Any CPU.Build.0 = Release|Any CPU
		{7BC14FC0-E6B4-4B0D-BDC9-9F7265C31E30}.Debug|Any CPU.ActiveCfg = Debug|Any CPU
		{7BC14FC0-E6B4-4B0D-BDC9-9F7265C31E30}.Debug|Any CPU.Build.0 = Debug|Any CPU
		{7BC14FC0-E6B4-4B0D-BDC9-9F7265C31E30}.Release|Any CPU.ActiveCfg = Release|Any CPU
		{7BC14FC0-E6B4-4B0D-BDC9-9F7265C31E30}.Release|Any CPU.Build.0 = Release|Any CPU
		{8148F229-CEE1-4952-B5EF-5A0609466B82}.Debug|Any CPU.ActiveCfg = Debug|Any CPU
		{8148F229-CEE1-4952-B5EF-5A0609466B82}.Debug|Any CPU.Build.0 = Debug|Any CPU
		{8148F229-CEE1-4952-B5EF-5A0609466B82}.Release|Any CPU.ActiveCfg = Release|Any CPU
		{8148F229-CEE1-4952-B5EF-5A0609466B82}.Release|Any CPU.Build.0 = Release|Any CPU
		{6E0D8C1E-7D17-448B-BB7B-E73275C52C16}.Debug|Any CPU.ActiveCfg = Debug|Any CPU
		{6E0D8C1E-7D17-448B-BB7B-E73275C52C16}.Debug|Any CPU.Build.0 = Debug|Any CPU
		{6E0D8C1E-7D17-448B-BB7B-E73275C52C16}.Release|Any CPU.ActiveCfg = Release|Any CPU
		{6E0D8C1E-7D17-448B-BB7B-E73275C52C16}.Release|Any CPU.Build.0 = Release|Any CPU
		{A45EBB51-65F6-49E9-9178-0D9ED2073432}.Debug|Any CPU.ActiveCfg = Debug|Any CPU
		{A45EBB51-65F6-49E9-9178-0D9ED2073432}.Debug|Any CPU.Build.0 = Debug|Any CPU
		{A45EBB51-65F6-49E9-9178-0D9ED2073432}.Release|Any CPU.ActiveCfg = Release|Any CPU
		{A45EBB51-65F6-49E9-9178-0D9ED2073432}.Release|Any CPU.Build.0 = Release|Any CPU
	EndGlobalSection
	GlobalSection(SolutionProperties) = preSolution
		HideSolutionNode = FALSE
	EndGlobalSection
	GlobalSection(ExtensibilityGlobals) = postSolution
		SolutionGuid = {4ABE0006-4B49-497C-AE7A-373338D33C72}
	EndGlobalSection
EndGlobal
